
Microsoft Visual Studio Solution File, Format Version 12.00
Project("{FAE04EC0-301F-11D3-BF4B-00C04F79EFBC}") = "Api", "Api\Api.csproj", "{BDAD286B-0E4B-43CA-A6FF-C4C56C04930E}"
EndProject
Project("{FAE04EC0-301F-11D3-BF4B-00C04F79EFBC}") = "Domain", "Domain\Domain.csproj", "{A4DDFA16-C601-4807-AC0E-558554F0DFF8}"
EndProject
Project("{FAE04EC0-301F-11D3-BF4B-00C04F79EFBC}") = "Application", "Application\Application.csproj", "{5A6824C4-1D04-452D-B0D5-44FB16818886}"
EndProject
Global
	GlobalSection(SolutionConfigurationPlatforms) = preSolution
		Debug|Any CPU = Debug|Any CPU
		Release|Any CPU = Release|Any CPU
	EndGlobalSection
	GlobalSection(ProjectConfigurationPlatforms) = postSolution
		{BDAD286B-0E4B-43CA-A6FF-C4C56C04930E}.Debug|Any CPU.ActiveCfg = Debug|Any CPU
		{BDAD286B-0E4B-43CA-A6FF-C4C56C04930E}.Debug|Any CPU.Build.0 = Debug|Any CPU
		{BDAD286B-0E4B-43CA-A6FF-C4C56C04930E}.Release|Any CPU.ActiveCfg = Release|Any CPU
		{BDAD286B-0E4B-43CA-A6FF-C4C56C04930E}.Release|Any CPU.Build.0 = Release|Any CPU
		{A4DDFA16-C601-4807-AC0E-558554F0DFF8}.Debug|Any CPU.ActiveCfg = Debug|Any CPU
		{A4DDFA16-C601-4807-AC0E-558554F0DFF8}.Debug|Any CPU.Build.0 = Debug|Any CPU
		{A4DDFA16-C601-4807-AC0E-558554F0DFF8}.Release|Any CPU.ActiveCfg = Release|Any CPU
		{A4DDFA16-C601-4807-AC0E-558554F0DFF8}.Release|Any CPU.Build.0 = Release|Any CPU
		{5A6824C4-1D04-452D-B0D5-44FB16818886}.Debug|Any CPU.ActiveCfg = Debug|Any CPU
		{5A6824C4-1D04-452D-B0D5-44FB16818886}.Debug|Any CPU.Build.0 = Debug|Any CPU
		{5A6824C4-1D04-452D-B0D5-44FB16818886}.Release|Any CPU.ActiveCfg = Release|Any CPU
		{5A6824C4-1D04-452D-B0D5-44FB16818886}.Release|Any CPU.Build.0 = Release|Any CPU
	EndGlobalSection
EndGlobal
